
Microsoft Visual Studio Solution File, Format Version 12.00
# Visual Studio Version 17
VisualStudioVersion = 17.14.36511.14 d17.14
MinimumVisualStudioVersion = 10.0.40219.1
Project("{FAE04EC0-301F-11D3-BF4B-00C04F79EFBC}") = "Autoalkatresz_doga", "Autoalkatresz_doga\Autoalkatresz_doga.csproj", "{F580BC43-13C7-4897-BADC-19E63CAC918E}"
EndProject
Global
	GlobalSection(SolutionConfigurationPlatforms) = preSolution
		Debug|Any CPU = Debug|Any CPU
		Release|Any CPU = Release|Any CPU
	EndGlobalSection
	GlobalSection(ProjectConfigurationPlatforms) = postSolution
		{F580BC43-13C7-4897-BADC-19E63CAC918E}.Debug|Any CPU.ActiveCfg = Debug|Any CPU
		{F580BC43-13C7-4897-BADC-19E63CAC918E}.Debug|Any CPU.Build.0 = Debug|Any CPU
		{F580BC43-13C7-4897-BADC-19E63CAC918E}.Release|Any CPU.ActiveCfg = Release|Any CPU
		{F580BC43-13C7-4897-BADC-19E63CAC918E}.Release|Any CPU.Build.0 = Release|Any CPU
	EndGlobalSection
	GlobalSection(SolutionProperties) = preSolution
		HideSolutionNode = FALSE
	EndGlobalSection
	GlobalSection(ExtensibilityGlobals) = postSolution
		SolutionGuid = {5C21ED12-8B41-49B6-847B-F24006810C7F}
	EndGlobalSection
EndGlobal
